{
	"name": "rainix-prettier-bundle",
	"version": "0.0.0",
	"lockfileVersion": 3,
	"requires": true,
	"packages": {
		"": {
			"name": "rainix-prettier-bundle",
			"version": "0.0.0",
			"dependencies": {
				"prettier": "3.6.2",
				"prettier-plugin-svelte": "3.5.1",
				"prettier-plugin-tailwindcss": "0.6.14",
				"svelte": "4.2.7"
			}
		},
		"node_modules/@ampproject/remapping": {
			"version": "2.3.0",
			"resolved": "https://registry.npmjs.org/@ampproject/remapping/-/remapping-2.3.0.tgz",
			"integrity": "sha512-30iZtAPgz+LTIYoeivqYo853f02jBYSd5uGnGpkFV0M3xOt9aN73erkgYAmZU43x4VfqcnLxW9Kpg3R5LC4YYw==",
			"license": "Apache-2.0",
			"dependencies": {
				"@jridgewell/gen-mapping": "^0.3.5",
				"@jridgewell/trace-mapping": "^0.3.24"
			},
			"engines": {
				"node": ">=6.0.0"
			}
		},
		"node_modules/@jridgewell/gen-mapping": {
			"version": "0.3.13",
			"resolved": "https://registry.npmjs.org/@jridgewell/gen-mapping/-/gen-mapping-0.3.13.tgz",
			"integrity": "sha512-2kkt/7niJ6MgEPxF0bYdQ6etZaA+fQvDcLKckhy1yIQOzaoKjBBjSj63/aLVjYE3qhRt5dvM+uUyfCg6UKCBbA==",
			"license": "MIT",
			"dependencies": {
				"@jridgewell/sourcemap-codec": "^1.5.0",
				"@jridgewell/trace-mapping": "^0.3.24"
			}
		},
		"node_modules/@jridgewell/resolve-uri": {
			"version": "3.1.2",
			"resolved": "https://registry.npmjs.org/@jridgewell/resolve-uri/-/resolve-uri-3.1.2.tgz",
			"integrity": "sha512-bRISgCIjP20/tbWSPWMEi54QVPRZExkuD9lJL+UIxUKtwVJA8wW1Trb1jMs1RFXo1CBTNZ/5hpC9QvmKWdopKw==",
			"license": "MIT",
			"engines": {
				"node": ">=6.0.0"
			}
		},
		"node_modules/@jridgewell/sourcemap-codec": {
			"version": "1.5.5",
			"resolved": "https://registry.npmjs.org/@jridgewell/sourcemap-codec/-/sourcemap-codec-1.5.5.tgz",
			"integrity": "sha512-cYQ9310grqxueWbl+WuIUIaiUaDcj7WOq5fVhEljNVgRfOUhY9fy2zTvfoqWsnebh8Sl70VScFbICvJnLKB0Og==",
			"license": "MIT"
		},
		"node_modules/@jridgewell/trace-mapping": {
			"version": "0.3.31",
			"resolved": "https://registry.npmjs.org/@jridgewell/trace-mapping/-/trace-mapping-0.3.31.tgz",
			"integrity": "sha512-zzNR+SdQSDJzc8joaeP8QQoCQr8NuYx2dIIytl1QeBEZHJ9uW6hebsrYgbz8hJwUQao3TWCMtmfV8Nu1twOLAw==",
			"license": "MIT",
			"dependencies": {
				"@jridgewell/resolve-uri": "^3.1.0",
				"@jridgewell/sourcemap-codec": "^1.4.14"
			}
		},
		"node_modules/@types/estree": {
			"version": "1.0.8",
			"resolved": "https://registry.npmjs.org/@types/estree/-/estree-1.0.8.tgz",
			"integrity": "sha512-dWHzHa2WqEXI/O1E9OjrocMTKJl2mSrEolh1Iomrv6U+JuNwaHXsXx9bLu5gG7BUWFIN0skIQJQ/L1rIex4X6w==",
			"license": "MIT"
		},
		"node_modules/acorn": {
			"version": "8.16.0",
			"resolved": "https://registry.npmjs.org/acorn/-/acorn-8.16.0.tgz",
			"integrity": "sha512-UVJyE9MttOsBQIDKw1skb9nAwQuR5wuGD3+82K6JgJlm/Y+KI92oNsMNGZCYdDsVtRHSak0pcV5Dno5+4jh9sw==",
			"license": "MIT",
			"bin": {
				"acorn": "bin/acorn"
			},
			"engines": {
				"node": ">=0.4.0"
			}
		},
		"node_modules/aria-query": {
			"version": "5.3.2",
			"resolved": "https://registry.npmjs.org/aria-query/-/aria-query-5.3.2.tgz",
			"integrity": "sha512-COROpnaoap1E2F000S62r6A60uHZnmlvomhfyT2DlTcrY1OrBKn2UhH7qn5wTC9zMvD0AY7csdPSNwKP+7WiQw==",
			"license": "Apache-2.0",
			"engines": {
				"node": ">= 0.4"
			}
		},
		"node_modules/axobject-query": {
			"version": "3.2.4",
			"resolved": "https://registry.npmjs.org/axobject-query/-/axobject-query-3.2.4.tgz",
			"integrity": "sha512-aPTElBrbifBU1krmZxGZOlBkslORe7Ll7+BDnI50Wy4LgOt69luMgevkDfTq1O/ZgprooPCtWpjCwKSZw/iZ4A==",
			"license": "Apache-2.0",
			"engines": {
				"node": ">= 0.4"
			}
		},
		"node_modules/code-red": {
			"version": "1.0.4",
			"resolved": "https://registry.npmjs.org/code-red/-/code-red-1.0.4.tgz",
			"integrity": "sha512-7qJWqItLA8/VPVlKJlFXU+NBlo/qyfs39aJcuMT/2ere32ZqvF5OSxgdM5xOfJJ7O429gg2HM47y8v9P+9wrNw==",
			"license": "MIT",
			"dependencies": {
				"@jridgewell/sourcemap-codec": "^1.4.15",
				"@types/estree": "^1.0.1",
				"acorn": "^8.10.0",
				"estree-walker": "^3.0.3",
				"periscopic": "^3.1.0"
			}
		},
		"node_modules/css-tree": {
			"version": "2.3.1",
			"resolved": "https://registry.npmjs.org/css-tree/-/css-tree-2.3.1.tgz",
			"integrity": "sha512-6Fv1DV/TYw//QF5IzQdqsNDjx/wc8TrMBZsqjL9eW01tWb7R7k/mq+/VXfJCl7SoD5emsJop9cOByJZfs8hYIw==",
			"license": "MIT",
			"dependencies": {
				"mdn-data": "2.0.30",
				"source-map-js": "^1.0.1"
			},
			"engines": {
				"node": "^10 || ^12.20.0 || ^14.13.0 || >=15.0.0"
			}
		},
		"node_modules/estree-walker": {
			"version": "3.0.3",
			"resolved": "https://registry.npmjs.org/estree-walker/-/estree-walker-3.0.3.tgz",
			"integrity": "sha512-7RUKfXgSMMkzt6ZuXmqapOurLGPPfgj6l9uRZ7lRGolvk0y2yocc35LdcxKC5PQZdn2DMqioAQ2NoWcrTKmm6g==",
			"license": "MIT",
			"dependencies": {
				"@types/estree": "^1.0.0"
			}
		},
		"node_modules/is-reference": {
			"version": "3.0.3",
			"resolved": "https://registry.npmjs.org/is-reference/-/is-reference-3.0.3.tgz",
			"integrity": "sha512-ixkJoqQvAP88E6wLydLGGqCJsrFUnqoH6HnaczB8XmDH1oaWU+xxdptvikTgaEhtZ53Ky6YXiBuUI2WXLMCwjw==",
			"license": "MIT",
			"dependencies": {
				"@types/estree": "^1.0.6"
			}
		},
		"node_modules/locate-character": {
			"version": "3.0.0",
			"resolved": "https://registry.npmjs.org/locate-character/-/locate-character-3.0.0.tgz",
			"integrity": "sha512-SW13ws7BjaeJ6p7Q6CO2nchbYEc3X3J6WrmTTDto7yMPqVSZTUyY5Tjbid+Ab8gLnATtygYtiDIJGQRRn2ZOiA==",
			"license": "MIT"
		},
		"node_modules/magic-string": {
			"version": "0.30.21",
			"resolved": "https://registry.npmjs.org/magic-string/-/magic-string-0.30.21.tgz",
			"integrity": "sha512-vd2F4YUyEXKGcLHoq+TEyCjxueSeHnFxyyjNp80yg0XV4vUhnDer/lvvlqM/arB5bXQN5K2/3oinyCRyx8T2CQ==",
			"license": "MIT",
			"dependencies": {
				"@jridgewell/sourcemap-codec": "^1.5.5"
			}
		},
		"node_modules/mdn-data": {
			"version": "2.0.30",
			"resolved": "https://registry.npmjs.org/mdn-data/-/mdn-data-2.0.30.tgz",
			"integrity": "sha512-GaqWWShW4kv/G9IEucWScBx9G1/vsFZZJUO+tD26M8J8z3Kw5RDQjaoZe03YAClgeS/SWPOcb4nkFBTEi5DUEA==",
			"license": "CC0-1.0"
		},
		"node_modules/periscopic": {
			"version": "3.1.0",
			"resolved": "https://registry.npmjs.org/periscopic/-/periscopic-3.1.0.tgz",
			"integrity": "sha512-vKiQ8RRtkl9P+r/+oefh25C3fhybptkHKCZSPlcXiJux2tJF55GnEj3BVn4A5gKfq9NWWXXrxkHBwVPUfH0opw==",
			"license": "MIT",
			"dependencies": {
				"@types/estree": "^1.0.0",
				"estree-walker": "^3.0.0",
				"is-reference": "^3.0.0"
			}
		},
		"node_modules/prettier": {
			"version": "3.6.2",
			"resolved": "https://registry.npmjs.org/prettier/-/prettier-3.6.2.tgz",
			"integrity": "sha512-I7AIg5boAr5R0FFtJ6rCfD+LFsWHp81dolrFD8S79U9tb8Az2nGrJncnMSnys+bpQJfRUzqs9hnA81OAA3hCuQ==",
			"license": "MIT",
			"bin": {
				"prettier": "bin/prettier.cjs"
			},
			"engines": {
				"node": ">=14"
			},
			"funding": {
				"url": "https://github.com/prettier/prettier?sponsor=1"
			}
		},
		"node_modules/prettier-plugin-svelte": {
			"version": "3.5.1",
			"resolved": "https://registry.npmjs.org/prettier-plugin-svelte/-/prettier-plugin-svelte-3.5.1.tgz",
			"integrity": "sha512-65+fr5+cgIKWKiqM1Doum4uX6bY8iFCdztvvp2RcF+AJoieaw9kJOFMNcJo/bkmKYsxFaM9OsVZK/gWauG/5mg==",
			"license": "MIT",
			"peerDependencies": {
				"prettier": "^3.0.0",
				"svelte": "^3.2.0 || ^4.0.0-next.0 || ^5.0.0-next.0"
			}
		},
		"node_modules/prettier-plugin-tailwindcss": {
			"version": "0.6.14",
			"resolved": "https://registry.npmjs.org/prettier-plugin-tailwindcss/-/prettier-plugin-tailwindcss-0.6.14.tgz",
			"integrity": "sha512-pi2e/+ZygeIqntN+vC573BcW5Cve8zUB0SSAGxqpB4f96boZF4M3phPVoOFCeypwkpRYdi7+jQ5YJJUwrkGUAg==",
			"license": "MIT",
			"engines": {
				"node": ">=14.21.3"
			},
			"peerDependencies": {
				"@ianvs/prettier-plugin-sort-imports": "*",
				"@prettier/plugin-hermes": "*",
				"@prettier/plugin-oxc": "*",
				"@prettier/plugin-pug": "*",
				"@shopify/prettier-plugin-liquid": "*",
				"@trivago/prettier-plugin-sort-imports": "*",
				"@zackad/prettier-plugin-twig": "*",
				"prettier": "^3.0",
				"prettier-plugin-astro": "*",
				"prettier-plugin-css-order": "*",
				"prettier-plugin-import-sort": "*",
				"prettier-plugin-jsdoc": "*",
				"prettier-plugin-marko": "*",
				"prettier-plugin-multiline-arrays": "*",
				"prettier-plugin-organize-attributes": "*",
				"prettier-plugin-organize-imports": "*",
				"prettier-plugin-sort-imports": "*",
				"prettier-plugin-style-order": "*",
				"prettier-plugin-svelte": "*"
			},
			"peerDependenciesMeta": {
				"@ianvs/prettier-plugin-sort-imports": {
					"optional": true
				},
				"@prettier/plugin-hermes": {
					"optional": true
				},
				"@prettier/plugin-oxc": {
					"optional": true
				},
				"@prettier/plugin-pug": {
					"optional": true
				},
				"@shopify/prettier-plugin-liquid": {
					"optional": true
				},
				"@trivago/prettier-plugin-sort-imports": {
					"optional": true
				},
				"@zackad/prettier-plugin-twig": {
					"optional": true
				},
				"prettier-plugin-astro": {
					"optional": true
				},
				"prettier-plugin-css-order": {
					"optional": true
				},
				"prettier-plugin-import-sort": {
					"optional": true
				},
				"prettier-plugin-jsdoc": {
					"optional": true
				},
				"prettier-plugin-marko": {
					"optional": true
				},
				"prettier-plugin-multiline-arrays": {
					"optional": true
				},
				"prettier-plugin-organize-attributes": {
					"optional": true
				},
				"prettier-plugin-organize-imports": {
					"optional": true
				},
				"prettier-plugin-sort-imports": {
					"optional": true
				},
				"prettier-plugin-style-order": {
					"optional": true
				},
				"prettier-plugin-svelte": {
					"optional": true
				}
			}
		},
		"node_modules/source-map-js": {
			"version": "1.2.1",
			"resolved": "https://registry.npmjs.org/source-map-js/-/source-map-js-1.2.1.tgz",
			"integrity": "sha512-UXWMKhLOwVKb728IUtQPXxfYU+usdybtUrK/8uGE8CQMvrhOpwvzDBwj0QhSL7MQc7vIsISBG8VQ8+IDQxpfQA==",
			"license": "BSD-3-Clause",
			"engines": {
				"node": ">=0.10.0"
			}
		},
		"node_modules/svelte": {
			"version": "4.2.7",
			"resolved": "https://registry.npmjs.org/svelte/-/svelte-4.2.7.tgz",
			"integrity": "sha512-UExR1KS7raTdycsUrKLtStayu4hpdV3VZQgM0akX8XbXgLBlosdE/Sf3crOgyh9xIjqSYB3UEBuUlIQKRQX2hg==",
			"license": "MIT",
			"dependencies": {
				"@ampproject/remapping": "^2.2.1",
				"@jridgewell/sourcemap-codec": "^1.4.15",
				"@jridgewell/trace-mapping": "^0.3.18",
				"acorn": "^8.9.0",
				"aria-query": "^5.3.0",
				"axobject-query": "^3.2.1",
				"code-red": "^1.0.3",
				"css-tree": "^2.3.1",
				"estree-walker": "^3.0.3",
				"is-reference": "^3.0.1",
				"locate-character": "^3.0.0",
				"magic-string": "^0.30.4",
				"periscopic": "^3.1.0"
			},
			"engines": {
				"node": ">=16"
			}
		}
	}
}
